
Microsoft Visual Studio Solution File, Format Version 12.00
# Visual Studio Version 16
VisualStudioVersion = 16.0.33423.256
MinimumVisualStudioVersion = 10.0.40219.1
Project("{8BC9CEB8-8B4A-11D0-8D11-00A0C91BC942}") = "MemoryMap", "MemoryMap\MemoryMap.vcxproj", "{C5ADEC07-7416-4DB5-ABD0-BDF794B0ACF6}"
EndProject
Project("{8BC9CEB8-8B4A-11D0-8D11-00A0C91BC942}") = "receiver", "Receiver\receiver.vcxproj", "{01A825AC-79A4-4AEA-AB0F-F2E565962CF8}"
EndProject
Project("{8BC9CEB8-8B4A-11D0-8D11-00A0C91BC942}") = "sender", "Sender\sender.vcxproj", "{6AB48F9B-81B9-4E67-ACDD-E7B254CF168D}"
EndProject
Project("{8BC9CEB8-8B4A-11D0-8D11-00A0C91BC942}") = "util", "Util\util.vcxproj", "{781E8DCC-43C1-4D4B-A0CE-9341DD96F0B7}"
EndProject
Global
	GlobalSection(SolutionConfigurationPlatforms) = preSolution
		Debug|Win32 = Debug|Win32
		Debug|x64 = Debug|x64
		Release|Win32 = Release|Win32
		Release|x64 = Release|x64
	EndGlobalSection
	GlobalSection(ProjectConfigurationPlatforms) = postSolution
		{C5ADEC07-7416-4DB5-ABD0-BDF794B0ACF6}.Debug|Win32.ActiveCfg = Release|x64
		{C5ADEC07-7416-4DB5-ABD0-BDF794B0ACF6}.Debug|Win32.Build.0 = Release|x64
		{C5ADEC07-7416-4DB5-ABD0-BDF794B0ACF6}.Debug|x64.ActiveCfg = Release|x64
		{C5ADEC07-7416-4DB5-ABD0-BDF794B0ACF6}.Debug|x64.Build.0 = Release|x64
		{C5ADEC07-7416-4DB5-ABD0-BDF794B0ACF6}.Release|Win32.ActiveCfg = Release|Win32
		{C5ADEC07-7416-4DB5-ABD0-BDF794B0ACF6}.Release|Win32.Build.0 = Release|Win32
		{C5ADEC07-7416-4DB5-ABD0-BDF794B0ACF6}.Release|x64.ActiveCfg = Release|Win32
		{C5ADEC07-7416-4DB5-ABD0-BDF794B0ACF6}.Release|x64.Build.0 = Release|Win32
		{01A825AC-79A4-4AEA-AB0F-F2E565962CF8}.Debug|Win32.ActiveCfg = Release|x64
		{01A825AC-79A4-4AEA-AB0F-F2E565962CF8}.Debug|Win32.Build.0 = Release|x64
		{01A825AC-79A4-4AEA-AB0F-F2E565962CF8}.Debug|x64.ActiveCfg = Release|x64
		{01A825AC-79A4-4AEA-AB0F-F2E565962CF8}.Debug|x64.Build.0 = Release|x64
		{01A825AC-79A4-4AEA-AB0F-F2E565962CF8}.Release|Win32.ActiveCfg = Release|Win32
		{01A825AC-79A4-4AEA-AB0F-F2E565962CF8}.Release|Win32.Build.0 = Release|Win32
		{01A825AC-79A4-4AEA-AB0F-F2E565962CF8}.Release|x64.ActiveCfg = Release|Win32
		{01A825AC-79A4-4AEA-AB0F-F2E565962CF8}.Release|x64.Build.0 = Release|Win32
		{6AB48F9B-81B9-4E67-ACDD-E7B254CF168D}.Debug|Win32.ActiveCfg = Release|x64
		{6AB48F9B-81B9-4E67-ACDD-E7B254CF168D}.Debug|Win32.Build.0 = Release|x64
		{6AB48F9B-81B9-4E67-ACDD-E7B254CF168D}.Debug|x64.ActiveCfg = Release|x64
		{6AB48F9B-81B9-4E67-ACDD-E7B254CF168D}.Debug|x64.Build.0 = Release|x64
		{6AB48F9B-81B9-4E67-ACDD-E7B254CF168D}.Release|Win32.ActiveCfg = Release|Win32
		{6AB48F9B-81B9-4E67-ACDD-E7B254CF168D}.Release|Win32.Build.0 = Release|Win32
		{6AB48F9B-81B9-4E67-ACDD-E7B254CF168D}.Release|x64.ActiveCfg = Release|Win32
		{6AB48F9B-81B9-4E67-ACDD-E7B254CF168D}.Release|x64.Build.0 = Release|Win32
		{781E8DCC-43C1-4D4B-A0CE-9341DD96F0B7}.Debug|Win32.ActiveCfg = Release|x64
		{781E8DCC-43C1-4D4B-A0CE-9341DD96F0B7}.Debug|Win32.Build.0 = Release|x64
		{781E8DCC-43C1-4D4B-A0CE-9341DD96F0B7}.Debug|x64.ActiveCfg = Release|x64
		{781E8DCC-43C1-4D4B-A0CE-9341DD96F0B7}.Debug|x64.Build.0 = Release|x64
		{781E8DCC-43C1-4D4B-A0CE-9341DD96F0B7}.Release|Win32.ActiveCfg = Release|Win32
		{781E8DCC-43C1-4D4B-A0CE-9341DD96F0B7}.Release|Win32.Build.0 = Release|Win32
		{781E8DCC-43C1-4D4B-A0CE-9341DD96F0B7}.Release|x64.ActiveCfg = Release|Win32
		{781E8DCC-43C1-4D4B-A0CE-9341DD96F0B7}.Release|x64.Build.0 = Release|Win32
	EndGlobalSection
	GlobalSection(SolutionProperties) = preSolution
		HideSolutionNode = FALSE
	EndGlobalSection
	GlobalSection(ExtensibilityGlobals) = postSolution
		SolutionGuid = {A5F5D5B7-849A-4DF7-830C-10C2DF63E182}
	EndGlobalSection
EndGlobal
